
Microsoft Visual Studio Solution File, Format Version 12.00
# Visual Studio Version 16
VisualStudioVersion = 16.0.29911.84
MinimumVisualStudioVersion = 10.0.40219.1
Project("{9A19103F-16F7-4668-BE54-9A1E7A4F7556}") = "ProjectsDemo", "ProjectsDemo\ProjectsDemo.csproj", "{9AAD8F9A-377E-4F42-A0A2-AEB210B9C2E8}"
EndProject
Project("{9A19103F-16F7-4668-BE54-9A1E7A4F7556}") = "ProjectsDemo.Data", "ProjectsDemo.Data\ProjectsDemo.Data.csproj", "{92B645A8-0CFE-44F1-BF31-731552EEDADA}"
EndProject
Project("{FAE04EC0-301F-11D3-BF4B-00C04F79EFBC}") = "ProjectsDemo.DataAccessLayer", "ProjectsDemo.DataAccessLayer\ProjectsDemo.DataAccessLayer.csproj", "{D7916257-F2E3-4537-956C-10A68C3AACA3}"
EndProject
Global
	GlobalSection(SolutionConfigurationPlatforms) = preSolution
		Debug|Any CPU = Debug|Any CPU
		Release|Any CPU = Release|Any CPU
	EndGlobalSection
	GlobalSection(ProjectConfigurationPlatforms) = postSolution
		{9AAD8F9A-377E-4F42-A0A2-AEB210B9C2E8}.Debug|Any CPU.ActiveCfg = Debug|Any CPU
		{9AAD8F9A-377E-4F42-A0A2-AEB210B9C2E8}.Debug|Any CPU.Build.0 = Debug|Any CPU
		{9AAD8F9A-377E-4F42-A0A2-AEB210B9C2E8}.Release|Any CPU.ActiveCfg = Release|Any CPU
		{9AAD8F9A-377E-4F42-A0A2-AEB210B9C2E8}.Release|Any CPU.Build.0 = Release|Any CPU
		{92B645A8-0CFE-44F1-BF31-731552EEDADA}.Debug|Any CPU.ActiveCfg = Debug|Any CPU
		{92B645A8-0CFE-44F1-BF31-731552EEDADA}.Debug|Any CPU.Build.0 = Debug|Any CPU
		{92B645A8-0CFE-44F1-BF31-731552EEDADA}.Release|Any CPU.ActiveCfg = Release|Any CPU
		{92B645A8-0CFE-44F1-BF31-731552EEDADA}.Release|Any CPU.Build.0 = Release|Any CPU
		{D7916257-F2E3-4537-956C-10A68C3AACA3}.Debug|Any CPU.ActiveCfg = Debug|Any CPU
		{D7916257-F2E3-4537-956C-10A68C3AACA3}.Debug|Any CPU.Build.0 = Debug|Any CPU
		{D7916257-F2E3-4537-956C-10A68C3AACA3}.Release|Any CPU.ActiveCfg = Release|Any CPU
		{D7916257-F2E3-4537-956C-10A68C3AACA3}.Release|Any CPU.Build.0 = Release|Any CPU
	EndGlobalSection
	GlobalSection(SolutionProperties) = preSolution
		HideSolutionNode = FALSE
	EndGlobalSection
	GlobalSection(ExtensibilityGlobals) = postSolution
		SolutionGuid = {8A42F584-F5DA-4C4D-9F7F-0C404739AE92}
	EndGlobalSection
EndGlobal
